
Microsoft Visual Studio Solution File, Format Version 12.00
# Visual Studio Version 17
VisualStudioVersion = 17.7.34202.233
MinimumVisualStudioVersion = 10.0.40219.1
Project("{FAE04EC0-301F-11D3-BF4B-00C04F79EFBC}") = "ConsoleApp2", "ConsoleApp2.csproj", "{EE7032E0-31BC-47EC-87EF-9A5085971FF1}"
EndProject
Global
	GlobalSection(SolutionConfigurationPlatforms) = preSolution
		Debug|Any CPU = Debug|Any CPU
		Release|Any CPU = Release|Any CPU
	EndGlobalSection
	GlobalSection(ProjectConfigurationPlatforms) = postSolution
		{EE7032E0-31BC-47EC-87EF-9A5085971FF1}.Debug|Any CPU.ActiveCfg = Debug|Any CPU
		{EE7032E0-31BC-47EC-87EF-9A5085971FF1}.Debug|Any CPU.Build.0 = Debug|Any CPU
		{EE7032E0-31BC-47EC-87EF-9A5085971FF1}.Release|Any CPU.ActiveCfg = Release|Any CPU
		{EE7032E0-31BC-47EC-87EF-9A5085971FF1}.Release|Any CPU.Build.0 = Release|Any CPU
	EndGlobalSection
	GlobalSection(SolutionProperties) = preSolution
		HideSolutionNode = FALSE
	EndGlobalSection
	GlobalSection(ExtensibilityGlobals) = postSolution
		SolutionGuid = {3AED2F2F-32EC-48BE-A048-FFA21CB3741E}
	EndGlobalSection
EndGlobal
