
Microsoft Visual Studio Solution File, Format Version 12.00
# Visual Studio Version 17
VisualStudioVersion = 17.7.34202.233
MinimumVisualStudioVersion = 10.0.40219.1
Project("{FAE04EC0-301F-11D3-BF4B-00C04F79EFBC}") = "ConsoleApp3", "ConsoleApp3.csproj", "{B8D2303F-59C2-4171-B0A8-643B3C6456C5}"
EndProject
Global
	GlobalSection(SolutionConfigurationPlatforms) = preSolution
		Debug|Any CPU = Debug|Any CPU
		Release|Any CPU = Release|Any CPU
	EndGlobalSection
	GlobalSection(ProjectConfigurationPlatforms) = postSolution
		{B8D2303F-59C2-4171-B0A8-643B3C6456C5}.Debug|Any CPU.ActiveCfg = Debug|Any CPU
		{B8D2303F-59C2-4171-B0A8-643B3C6456C5}.Debug|Any CPU.Build.0 = Debug|Any CPU
		{B8D2303F-59C2-4171-B0A8-643B3C6456C5}.Release|Any CPU.ActiveCfg = Release|Any CPU
		{B8D2303F-59C2-4171-B0A8-643B3C6456C5}.Release|Any CPU.Build.0 = Release|Any CPU
	EndGlobalSection
	GlobalSection(SolutionProperties) = preSolution
		HideSolutionNode = FALSE
	EndGlobalSection
	GlobalSection(ExtensibilityGlobals) = postSolution
		SolutionGuid = {0723C284-032B-4ABC-82BA-3FFA63D957E5}
	EndGlobalSection
EndGlobal
