
Microsoft Visual Studio Solution File, Format Version 12.00
# Visual Studio Version 17
VisualStudioVersion = 17.7.34202.233
MinimumVisualStudioVersion = 10.0.40219.1
Project("{FAE04EC0-301F-11D3-BF4B-00C04F79EFBC}") = "BT-UNIT1.3-1", "BT-UNIT1.3-1.csproj", "{F91875E4-3C1D-4464-8989-42B216AEF692}"
EndProject
Global
	GlobalSection(SolutionConfigurationPlatforms) = preSolution
		Debug|Any CPU = Debug|Any CPU
		Release|Any CPU = Release|Any CPU
	EndGlobalSection
	GlobalSection(ProjectConfigurationPlatforms) = postSolution
		{F91875E4-3C1D-4464-8989-42B216AEF692}.Debug|Any CPU.ActiveCfg = Debug|Any CPU
		{F91875E4-3C1D-4464-8989-42B216AEF692}.Debug|Any CPU.Build.0 = Debug|Any CPU
		{F91875E4-3C1D-4464-8989-42B216AEF692}.Release|Any CPU.ActiveCfg = Release|Any CPU
		{F91875E4-3C1D-4464-8989-42B216AEF692}.Release|Any CPU.Build.0 = Release|Any CPU
	EndGlobalSection
	GlobalSection(SolutionProperties) = preSolution
		HideSolutionNode = FALSE
	EndGlobalSection
	GlobalSection(ExtensibilityGlobals) = postSolution
		SolutionGuid = {E72B0E48-EE59-40DE-A191-682B7DDED283}
	EndGlobalSection
EndGlobal
